
Microsoft Visual Studio Solution File, Format Version 12.00
# Visual Studio Version 16
VisualStudioVersion = 16.0.32002.261
MinimumVisualStudioVersion = 10.0.40219.1
Project("{888888A0-9F3D-457C-B088-3A5042F75D52}") = "big-brain form filler", "big-brain form filler\big-brain form filler.pyproj", "{CE6A5B4A-F3CA-450E-A114-9BAD4558B039}"
EndProject
Global
	GlobalSection(SolutionConfigurationPlatforms) = preSolution
		Debug|Any CPU = Debug|Any CPU
		Release|Any CPU = Release|Any CPU
	EndGlobalSection
	GlobalSection(ProjectConfigurationPlatforms) = postSolution
		{CE6A5B4A-F3CA-450E-A114-9BAD4558B039}.Debug|Any CPU.ActiveCfg = Debug|Any CPU
		{CE6A5B4A-F3CA-450E-A114-9BAD4558B039}.Release|Any CPU.ActiveCfg = Release|Any CPU
	EndGlobalSection
	GlobalSection(SolutionProperties) = preSolution
		HideSolutionNode = FALSE
	EndGlobalSection
	GlobalSection(ExtensibilityGlobals) = postSolution
		SolutionGuid = {4CA2B118-150C-4AB5-A960-8E7D5ED6262C}
	EndGlobalSection
EndGlobal
